
Microsoft Visual Studio Solution File, Format Version 12.00
# Visual Studio Version 17
VisualStudioVersion = 17.0.31903.59
MinimumVisualStudioVersion = 10.0.40219.1
Project("{9A19103F-16F7-4668-BE54-9A1E7A4F7556}") = "AdoNetMVC", "AdoNetMVC\AdoNetMVC.csproj", "{0BB3D06C-D249-43A5-B0A0-FFA4652057F9}"
EndProject
Project("{9A19103F-16F7-4668-BE54-9A1E7A4F7556}") = "DBConnectionMVC", "..\DBConnectionMVC\DBConnectionMVC\DBConnectionMVC.csproj", "{1C60B00F-4041-4C28-AC5D-9D452470C1B2}"
EndProject
Global
	GlobalSection(SolutionConfigurationPlatforms) = preSolution
		Debug|Any CPU = Debug|Any CPU
		Release|Any CPU = Release|Any CPU
	EndGlobalSection
	GlobalSection(ProjectConfigurationPlatforms) = postSolution
		{0BB3D06C-D249-43A5-B0A0-FFA4652057F9}.Debug|Any CPU.ActiveCfg = Debug|Any CPU
		{0BB3D06C-D249-43A5-B0A0-FFA4652057F9}.Debug|Any CPU.Build.0 = Debug|Any CPU
		{0BB3D06C-D249-43A5-B0A0-FFA4652057F9}.Release|Any CPU.ActiveCfg = Release|Any CPU
		{0BB3D06C-D249-43A5-B0A0-FFA4652057F9}.Release|Any CPU.Build.0 = Release|Any CPU
		{1C60B00F-4041-4C28-AC5D-9D452470C1B2}.Debug|Any CPU.ActiveCfg = Debug|Any CPU
		{1C60B00F-4041-4C28-AC5D-9D452470C1B2}.Debug|Any CPU.Build.0 = Debug|Any CPU
		{1C60B00F-4041-4C28-AC5D-9D452470C1B2}.Release|Any CPU.ActiveCfg = Release|Any CPU
		{1C60B00F-4041-4C28-AC5D-9D452470C1B2}.Release|Any CPU.Build.0 = Release|Any CPU
	EndGlobalSection
	GlobalSection(SolutionProperties) = preSolution
		HideSolutionNode = FALSE
	EndGlobalSection
	GlobalSection(ExtensibilityGlobals) = postSolution
		SolutionGuid = {824649DF-9603-4223-A1A0-59F087E5FEB1}
	EndGlobalSection
EndGlobal
